
Microsoft Visual Studio Solution File, Format Version 12.00
Project("{FAE04EC0-301F-11D3-BF4B-00C04F79EFBC}") = "ToDoList", "ToDoList\ToDoList.csproj", "{A2660A3B-B962-48B7-8242-F183CB68AFD8}"
EndProject
Global
	GlobalSection(SolutionConfigurationPlatforms) = preSolution
		Debug|Any CPU = Debug|Any CPU
		Release|Any CPU = Release|Any CPU
	EndGlobalSection
	GlobalSection(ProjectConfigurationPlatforms) = postSolution
		{A2660A3B-B962-48B7-8242-F183CB68AFD8}.Debug|Any CPU.ActiveCfg = Debug|Any CPU
		{A2660A3B-B962-48B7-8242-F183CB68AFD8}.Debug|Any CPU.Build.0 = Debug|Any CPU
		{A2660A3B-B962-48B7-8242-F183CB68AFD8}.Release|Any CPU.ActiveCfg = Release|Any CPU
		{A2660A3B-B962-48B7-8242-F183CB68AFD8}.Release|Any CPU.Build.0 = Release|Any CPU
	EndGlobalSection
EndGlobal
